
Microsoft Visual Studio Solution File, Format Version 12.00
Project("{FAE04EC0-301F-11D3-BF4B-00C04F79EFBC}") = "grader-app", "grader-app\grader-app.csproj", "{DA64C76D-76F5-4514-A27C-63D25F29125B}"
EndProject
Global
	GlobalSection(SolutionConfigurationPlatforms) = preSolution
		Debug|Any CPU = Debug|Any CPU
		Release|Any CPU = Release|Any CPU
	EndGlobalSection
	GlobalSection(ProjectConfigurationPlatforms) = postSolution
		{DA64C76D-76F5-4514-A27C-63D25F29125B}.Debug|Any CPU.ActiveCfg = Debug|Any CPU
		{DA64C76D-76F5-4514-A27C-63D25F29125B}.Debug|Any CPU.Build.0 = Debug|Any CPU
		{DA64C76D-76F5-4514-A27C-63D25F29125B}.Release|Any CPU.ActiveCfg = Release|Any CPU
		{DA64C76D-76F5-4514-A27C-63D25F29125B}.Release|Any CPU.Build.0 = Release|Any CPU
	EndGlobalSection
EndGlobal
